
Microsoft Visual Studio Solution File, Format Version 12.00
# Visual Studio Version 17
VisualStudioVersion = 17.12.35707.178 d17.12
MinimumVisualStudioVersion = 10.0.40219.1
Project("{FAE04EC0-301F-11D3-BF4B-00C04F79EFBC}") = "Standard-52-card-deck", "Standard-52-card-deck.csproj", "{98579445-42DC-4691-A5BD-16DADAE9F837}"
EndProject
Project("{2150E333-8FDC-42A3-9474-1A3956D46DE8}") = "Solution Items", "Solution Items", "{47B6CE98-8521-4D0A-9C56-7EF7D4499086}"
	ProjectSection(SolutionItems) = preProject
		.editorconfig = .editorconfig
	EndProjectSection
EndProject
Global
	GlobalSection(SolutionConfigurationPlatforms) = preSolution
		Debug|Any CPU = Debug|Any CPU
		Release|Any CPU = Release|Any CPU
	EndGlobalSection
	GlobalSection(ProjectConfigurationPlatforms) = postSolution
		{98579445-42DC-4691-A5BD-16DADAE9F837}.Debug|Any CPU.ActiveCfg = Debug|Any CPU
		{98579445-42DC-4691-A5BD-16DADAE9F837}.Debug|Any CPU.Build.0 = Debug|Any CPU
		{98579445-42DC-4691-A5BD-16DADAE9F837}.Release|Any CPU.ActiveCfg = Release|Any CPU
		{98579445-42DC-4691-A5BD-16DADAE9F837}.Release|Any CPU.Build.0 = Release|Any CPU
	EndGlobalSection
	GlobalSection(SolutionProperties) = preSolution
		HideSolutionNode = FALSE
	EndGlobalSection
EndGlobal
